<Solution>
  <Folder Name="/Elementos de la solución/">
    <File Path="README.md" />
  </Folder>
  <Project Path="API.FornitureStore.API/API.FornitureStore.API.csproj" />
  <Project Path="API.FornitureStore.Data/API.FornitureStore.Data.csproj" />
  <Project Path="API.FornitureStore.Shared/API.FornitureStore.Shared.csproj" />
</Solution>
